{
    "name": "telegramm",
    "version": "0.0.1",
    "lockfileVersion": 3,
    "requires": true,
    "packages": {
        "": {
            "name": "telegramm",
            "version": "0.0.1",
            "license": "UNLICENSED",
            "dependencies": {
                "fs-extra": "^11.2.0"
            },
            "devDependencies": {
                "ts-proto": "^2.2.5"
            }
        },
        "node_modules/@bufbuild/protobuf": {
            "version": "2.2.1",
            "resolved": "https://registry.npmjs.org/@bufbuild/protobuf/-/protobuf-2.2.1.tgz",
            "integrity": "sha512-gdWzq7eX017a1kZCU/bP/sbk4e0GZ6idjsXOcMrQwODCb/rx985fHJJ8+hCu79KpuG7PfZh7bo3BBjPH37JuZw==",
            "dev": true,
            "license": "(Apache-2.0 AND BSD-3-Clause)"
        },
        "node_modules/case-anything": {
            "version": "2.1.13",
            "resolved": "https://registry.npmjs.org/case-anything/-/case-anything-2.1.13.tgz",
            "integrity": "sha512-zlOQ80VrQ2Ue+ymH5OuM/DlDq64mEm+B9UTdHULv5osUMD6HalNTblf2b1u/m6QecjsnOkBpqVZ+XPwIVsy7Ng==",
            "dev": true,
            "license": "MIT",
            "engines": {
                "node": ">=12.13"
            },
            "funding": {
                "url": "https://github.com/sponsors/mesqueeb"
            }
        },
        "node_modules/detect-libc": {
            "version": "1.0.3",
            "resolved": "https://registry.npmjs.org/detect-libc/-/detect-libc-1.0.3.tgz",
            "integrity": "sha512-pGjwhsmsp4kL2RTz08wcOlGN83otlqHeD/Z5T8GXZB+/YcpQ/dgo+lbU8ZsGxV0HIvqqxo9l7mqYwyYMD9bKDg==",
            "dev": true,
            "license": "Apache-2.0",
            "bin": {
                "detect-libc": "bin/detect-libc.js"
            },
            "engines": {
                "node": ">=0.10"
            }
        },
        "node_modules/dprint-node": {
            "version": "1.0.8",
            "resolved": "https://registry.npmjs.org/dprint-node/-/dprint-node-1.0.8.tgz",
            "integrity": "sha512-iVKnUtYfGrYcW1ZAlfR/F59cUVL8QIhWoBJoSjkkdua/dkWIgjZfiLMeTjiB06X0ZLkQ0M2C1VbUj/CxkIf1zg==",
            "dev": true,
            "license": "MIT",
            "dependencies": {
                "detect-libc": "^1.0.3"
            }
        },
        "node_modules/fs-extra": {
            "version": "11.2.0",
            "resolved": "https://registry.npmjs.org/fs-extra/-/fs-extra-11.2.0.tgz",
            "integrity": "sha512-PmDi3uwK5nFuXh7XDTlVnS17xJS7vW36is2+w3xcv8SVxiB4NyATf4ctkVY5bkSjX0Y4nbvZCq1/EjtEyr9ktw==",
            "license": "MIT",
            "dependencies": {
                "graceful-fs": "^4.2.0",
                "jsonfile": "^6.0.1",
                "universalify": "^2.0.0"
            },
            "engines": {
                "node": ">=14.14"
            }
        },
        "node_modules/graceful-fs": {
            "version": "4.2.11",
            "resolved": "https://registry.npmjs.org/graceful-fs/-/graceful-fs-4.2.11.tgz",
            "integrity": "sha512-RbJ5/jmFcNNCcDV5o9eTnBLJ/HszWV0P73bc+Ff4nS/rJj+YaS6IGyiOL0VoBYX+l1Wrl3k63h/KrH+nhJ0XvQ==",
            "license": "ISC"
        },
        "node_modules/jsonfile": {
            "version": "6.1.0",
            "resolved": "https://registry.npmjs.org/jsonfile/-/jsonfile-6.1.0.tgz",
            "integrity": "sha512-5dgndWOriYSm5cnYaJNhalLNDKOqFwyDB/rr1E9ZsGciGvKPs8R2xYGCacuf3z6K1YKDz182fd+fY3cn3pMqXQ==",
            "license": "MIT",
            "dependencies": {
                "universalify": "^2.0.0"
            },
            "optionalDependencies": {
                "graceful-fs": "^4.1.6"
            }
        },
        "node_modules/ts-poet": {
            "version": "6.9.0",
            "resolved": "https://registry.npmjs.org/ts-poet/-/ts-poet-6.9.0.tgz",
            "integrity": "sha512-roe6W6MeZmCjRmppyfOURklO5tQFQ6Sg7swURKkwYJvV7dbGCrK28um5+51iW3twdPRKtwarqFAVMU6G1mvnuQ==",
            "dev": true,
            "license": "Apache-2.0",
            "dependencies": {
                "dprint-node": "^1.0.8"
            }
        },
        "node_modules/ts-proto": {
            "version": "2.2.5",
            "resolved": "https://registry.npmjs.org/ts-proto/-/ts-proto-2.2.5.tgz",
            "integrity": "sha512-P7arWANOAO2Jpzhey8x55H8mnK4XHzwepQph13eNf9nu93+lAB/JUIxKaIu18YnUQBpm3ZgHL0pTVPWa6dVqrQ==",
            "dev": true,
            "license": "ISC",
            "dependencies": {
                "@bufbuild/protobuf": "^2.0.0",
                "case-anything": "^2.1.13",
                "ts-poet": "^6.7.0",
                "ts-proto-descriptors": "2.0.0"
            },
            "bin": {
                "protoc-gen-ts_proto": "protoc-gen-ts_proto"
            }
        },
        "node_modules/ts-proto-descriptors": {
            "version": "2.0.0",
            "resolved": "https://registry.npmjs.org/ts-proto-descriptors/-/ts-proto-descriptors-2.0.0.tgz",
            "integrity": "sha512-wHcTH3xIv11jxgkX5OyCSFfw27agpInAd6yh89hKG6zqIXnjW9SYqSER2CVQxdPj4czeOhGagNvZBEbJPy7qkw==",
            "dev": true,
            "license": "ISC",
            "dependencies": {
                "@bufbuild/protobuf": "^2.0.0"
            }
        },
        "node_modules/universalify": {
            "version": "2.0.1",
            "resolved": "https://registry.npmjs.org/universalify/-/universalify-2.0.1.tgz",
            "integrity": "sha512-gptHNQghINnc/vTGIk0SOFGFNXw7JVrlRUtConJRlvaw6DuX0wO5Jeko9sWrMBhh+PsYAZ7oXAiOnf/UKogyiw==",
            "license": "MIT",
            "engines": {
                "node": ">= 10.0.0"
            }
        }
    }
}
